
Microsoft Visual Studio Solution File, Format Version 12.00
# Visual Studio Version 17
VisualStudioVersion = 17.14.36705.20 d17.14
MinimumVisualStudioVersion = 10.0.40219.1
Project("{FAE04EC0-301F-11D3-BF4B-00C04F79EFBC}") = "SignalRChatWebAPI", "SignalRChatWebAPI.csproj", "{089FF80D-BE22-4267-9906-5BCE6DC9169F}"
EndProject
Global
	GlobalSection(SolutionConfigurationPlatforms) = preSolution
		Debug|Any CPU = Debug|Any CPU
		Release|Any CPU = Release|Any CPU
	EndGlobalSection
	GlobalSection(ProjectConfigurationPlatforms) = postSolution
		{089FF80D-BE22-4267-9906-5BCE6DC9169F}.Debug|Any CPU.ActiveCfg = Debug|Any CPU
		{089FF80D-BE22-4267-9906-5BCE6DC9169F}.Debug|Any CPU.Build.0 = Debug|Any CPU
		{089FF80D-BE22-4267-9906-5BCE6DC9169F}.Release|Any CPU.ActiveCfg = Release|Any CPU
		{089FF80D-BE22-4267-9906-5BCE6DC9169F}.Release|Any CPU.Build.0 = Release|Any CPU
	EndGlobalSection
	GlobalSection(SolutionProperties) = preSolution
		HideSolutionNode = FALSE
	EndGlobalSection
	GlobalSection(ExtensibilityGlobals) = postSolution
		SolutionGuid = {6892EE3E-482C-48B0-8FF6-CB8B8216922B}
	EndGlobalSection
EndGlobal
